// !$*UTF8*$!
{
	archiveVersion = 1;
	classes = {
	};
	objectVersion = 50;
	objects = {

/* Begin PBXBuildFile section */
		804797F02398FE0C009DD4C4 /* AppDelegate.swift in Sources */ = {isa = PBXBuildFile; fileRef = 804797EF2398FE0C009DD4C4 /* AppDelegate.swift */; };
		804797F22398FE0C009DD4C4 /* SceneDelegate.swift in Sources */ = {isa = PBXBuildFile; fileRef = 804797F12398FE0C009DD4C4 /* SceneDelegate.swift */; };
		804797F42398FE0C009DD4C4 /* ViewController.swift in Sources */ = {isa = PBXBuildFile; fileRef = 804797F32398FE0C009DD4C4 /* ViewController.swift */; };
		804797F72398FE0C009DD4C4 /* Main.storyboard in Resources */ = {isa = PBXBuildFile; fileRef = 804797F52398FE0C009DD4C4 /* Main.storyboard */; };
		804797F92398FE0E009DD4C4 /* Assets.xcassets in Resources */ = {isa = PBXBuildFile; fileRef = 804797F82398FE0E009DD4C4 /* Assets.xcassets */; };
		804797FC2398FE0E009DD4C4 /* LaunchScreen.storyboard in Resources */ = {isa = PBXBuildFile; fileRef = 804797FA2398FE0E009DD4C4 /* LaunchScreen.storyboard */; };
		804798072398FE0E009DD4C4 /* simpleTests.swift in Sources */ = {isa = PBXBuildFile; fileRef = 804798062398FE0E009DD4C4 /* simpleTests.swift */; };
		804798122398FE0E009DD4C4 /* simpleUITests.swift in Sources */ = {isa = PBXBuildFile; fileRef = 804798112398FE0E009DD4C4 /* simpleUITests.swift */; };
		80479820239F8B4F009DD4C4 /* RatingControl.swift in Sources */ = {isa = PBXBuildFile; fileRef = 8047981F239F8B4F009DD4C4 /* RatingControl.swift */; };
/* End PBXBuildFile section */

/* Begin PBXContainerItemProxy section */
		804798032398FE0E009DD4C4 /* PBXContainerItemProxy */ = {
			isa = PBXContainerItemProxy;
			containerPortal = 804797E42398FE0C009DD4C4 /* Project object */;
			proxyType = 1;
			remoteGlobalIDString = 804797EB2398FE0C009DD4C4;
			remoteInfo = simple;
		};
		8047980E2398FE0E009DD4C4 /* PBXContainerItemProxy */ = {
			isa = PBXContainerItemProxy;
			containerPortal = 804797E42398FE0C009DD4C4 /* Project object */;
			proxyType = 1;
			remoteGlobalIDString = 804797EB2398FE0C009DD4C4;
			remoteInfo = simple;
		};
/* End PBXContainerItemProxy section */

/* Begin PBXFileReference section */
		804797EC2398FE0C009DD4C4 /* simple.app */ = {isa = PBXFileReference; explicitFileType = wrapper.application; includeInIndex = 0; path = simple.app; sourceTree = BUILT_PRODUCTS_DIR; };
		804797EF2398FE0C009DD4C4 /* AppDelegate.swift */ = {isa = PBXFileReference; lastKnownFileType = sourcecode.swift; path = AppDelegate.swift; sourceTree = "<group>"; };
		804797F12398FE0C009DD4C4 /* SceneDelegate.swift */ = {isa = PBXFileReference; lastKnownFileType = sourcecode.swift; path = SceneDelegate.swift; sourceTree = "<group>"; };
		804797F32398FE0C009DD4C4 /* ViewController.swift */ = {isa = PBXFileReference; lastKnownFileType = sourcecode.swift; path = ViewController.swift; sourceTree = "<group>"; };
		804797F62398FE0C009DD4C4 /* Base */ = {isa = PBXFileReference; lastKnownFileType = file.storyboard; name = Base; path = Base.lproj/Main.storyboard; sourceTree = "<group>"; };
		804797F82398FE0E009DD4C4 /* Assets.xcassets */ = {isa = PBXFileReference; lastKnownFileType = folder.assetcatalog; path = Assets.xcassets; sourceTree = "<group>"; };
		804797FB2398FE0E009DD4C4 /* Base */ = {isa = PBXFileReference; lastKnownFileType = file.storyboard; name = Base; path = Base.lproj/LaunchScreen.storyboard; sourceTree = "<group>"; };
		804797FD2398FE0E009DD4C4 /* Info.plist */ = {isa = PBXFileReference; lastKnownFileType = text.plist.xml; path = Info.plist; sourceTree = "<group>"; };
		804798022398FE0E009DD4C4 /* simpleTests.xctest */ = {isa = PBXFileReference; explicitFileType = wrapper.cfbundle; includeInIndex = 0; path = simpleTests.xctest; sourceTree = BUILT_PRODUCTS_DIR; };
		804798062398FE0E009DD4C4 /* simpleTests.swift */ = {isa = PBXFileReference; lastKnownFileType = sourcecode.swift; path = simpleTests.swift; sourceTree = "<group>"; };
		804798082398FE0E009DD4C4 /* Info.plist */ = {isa = PBXFileReference; lastKnownFileType = text.plist.xml; path = Info.plist; sourceTree = "<group>"; };
		8047980D2398FE0E009DD4C4 /* simpleUITests.xctest */ = {isa = PBXFileReference; explicitFileType = wrapper.cfbundle; includeInIndex = 0; path = simpleUITests.xctest; sourceTree = BUILT_PRODUCTS_DIR; };
		804798112398FE0E009DD4C4 /* simpleUITests.swift */ = {isa = PBXFileReference; lastKnownFileType = sourcecode.swift; path = simpleUITests.swift; sourceTree = "<group>"; };
		804798132398FE0E009DD4C4 /* Info.plist */ = {isa = PBXFileReference; lastKnownFileType = text.plist.xml; path = Info.plist; sourceTree = "<group>"; };
		8047981F239F8B4F009DD4C4 /* RatingControl.swift */ = {isa = PBXFileReference; lastKnownFileType = sourcecode.swift; path = RatingControl.swift; sourceTree = "<group>"; };
/* End PBXFileReference section */

/* Begin PBXFrameworksBuildPhase section */
		804797E92398FE0C009DD4C4 /* Frameworks */ = {
			isa = PBXFrameworksBuildPhase;
			buildActionMask = 2147483647;
			files = (
			);
			runOnlyForDeploymentPostprocessing = 0;
		};
		804797FF2398FE0E009DD4C4 /* Frameworks */ = {
			isa = PBXFrameworksBuildPhase;
			buildActionMask = 2147483647;
			files = (
			);
			runOnlyForDeploymentPostprocessing = 0;
		};
		8047980A2398FE0E009DD4C4 /* Frameworks */ = {
			isa = PBXFrameworksBuildPhase;
			buildActionMask = 2147483647;
			files = (
			);
			runOnlyForDeploymentPostprocessing = 0;
		};
/* End PBXFrameworksBuildPhase section */

/* Begin PBXGroup section */
		804797E32398FE0C009DD4C4 = {
			isa = PBXGroup;
			children = (
				804797EE2398FE0C009DD4C4 /* simple */,
				804798052398FE0E009DD4C4 /* simpleTests */,
				804798102398FE0E009DD4C4 /* simpleUITests */,
				804797ED2398FE0C009DD4C4 /* Products */,
			);
			sourceTree = "<group>";
		};
		804797ED2398FE0C009DD4C4 /* Products */ = {
			isa = PBXGroup;
			children = (
				804797EC2398FE0C009DD4C4 /* simple.app */,
				804798022398FE0E009DD4C4 /* simpleTests.xctest */,
				8047980D2398FE0E009DD4C4 /* simpleUITests.xctest */,
			);
			name = Products;
			sourceTree = "<group>";
		};
		804797EE2398FE0C009DD4C4 /* simple */ = {
			isa = PBXGroup;
			children = (
				804797EF2398FE0C009DD4C4 /* AppDelegate.swift */,
				804797F12398FE0C009DD4C4 /* SceneDelegate.swift */,
				804797F32398FE0C009DD4C4 /* ViewController.swift */,
				8047981F239F8B4F009DD4C4 /* RatingControl.swift */,
				804797F52398FE0C009DD4C4 /* Main.storyboard */,
				804797F82398FE0E009DD4C4 /* Assets.xcassets */,
				804797FA2398FE0E009DD4C4 /* LaunchScreen.storyboard */,
				804797FD2398FE0E009DD4C4 /* Info.plist */,
			);
			path = simple;
			sourceTree = "<group>";
		};
		804798052398FE0E009DD4C4 /* simpleTests */ = {
			isa = PBXGroup;
			children = (
				804798062398FE0E009DD4C4 /* simpleTests.swift */,
				804798082398FE0E009DD4C4 /* Info.plist */,
			);
			path = simpleTests;
			sourceTree = "<group>";
		};
		804798102398FE0E009DD4C4 /* simpleUITests */ = {
			isa = PBXGroup;
			children = (
				804798112398FE0E009DD4C4 /* simpleUITests.swift */,
				804798132398FE0E009DD4C4 /* Info.plist */,
			);
			path = simpleUITests;
			sourceTree = "<group>";
		};
/* End PBXGroup section */

/* Begin PBXNativeTarget section */
		804797EB2398FE0C009DD4C4 /* simple */ = {
			isa = PBXNativeTarget;
			buildConfigurationList = 804798162398FE0E009DD4C4 /* Build configuration list for PBXNativeTarget "simple" */;
			buildPhases = (
				804797E82398FE0C009DD4C4 /* Sources */,
				804797E92398FE0C009DD4C4 /* Frameworks */,
				804797EA2398FE0C009DD4C4 /* Resources */,
			);
			buildRules = (
			);
			dependencies = (
			);
			name = simple;
			productName = simple;
			productReference = 804797EC2398FE0C009DD4C4 /* simple.app */;
			productType = "com.apple.product-type.application";
		};
		804798012398FE0E009DD4C4 /* simpleTests */ = {
			isa = PBXNativeTarget;
			buildConfigurationList = 804798192398FE0E009DD4C4 /* Build configuration list for PBXNativeTarget "simpleTests" */;
			buildPhases = (
				804797FE2398FE0E009DD4C4 /* Sources */,
				804797FF2398FE0E009DD4C4 /* Frameworks */,
				804798002398FE0E009DD4C4 /* Resources */,
			);
			buildRules = (
			);
			dependencies = (
				804798042398FE0E009DD4C4 /* PBXTargetDependency */,
			);
			name = simpleTests;
			productName = simpleTests;
			productReference = 804798022398FE0E009DD4C4 /* simpleTests.xctest */;
			productType = "com.apple.product-type.bundle.unit-test";
		};
		8047980C2398FE0E009DD4C4 /* simpleUITests */ = {
			isa = PBXNativeTarget;
			buildConfigurationList = 8047981C2398FE0E009DD4C4 /* Build configuration list for PBXNativeTarget "simpleUITests" */;
			buildPhases = (
				804798092398FE0E009DD4C4 /* Sources */,
				8047980A2398FE0E009DD4C4 /* Frameworks */,
				8047980B2398FE0E009DD4C4 /* Resources */,
			);
			buildRules = (
			);
			dependencies = (
				8047980F2398FE0E009DD4C4 /* PBXTargetDependency */,
			);
			name = simpleUITests;
			productName = simpleUITests;
			productReference = 8047980D2398FE0E009DD4C4 /* simpleUITests.xctest */;
			productType = "com.apple.product-type.bundle.ui-testing";
		};
/* End PBXNativeTarget section */

/* Begin PBXProject section */
		804797E42398FE0C009DD4C4 /* Project object */ = {
			isa = PBXProject;
			attributes = {
				LastSwiftUpdateCheck = 1110;
				LastUpgradeCheck = 1110;
				ORGANIZATIONNAME = "Atsuki Kakehi";
				TargetAttributes = {
					804797EB2398FE0C009DD4C4 = {
						CreatedOnToolsVersion = 11.1;
					};
					804798012398FE0E009DD4C4 = {
						CreatedOnToolsVersion = 11.1;
						TestTargetID = 804797EB2398FE0C009DD4C4;
					};
					8047980C2398FE0E009DD4C4 = {
						CreatedOnToolsVersion = 11.1;
						TestTargetID = 804797EB2398FE0C009DD4C4;
					};
				};
			};
			buildConfigurationList = 804797E72398FE0C009DD4C4 /* Build configuration list for PBXProject "simple" */;
			compatibilityVersion = "Xcode 9.3";
			developmentRegion = en;
			hasScannedForEncodings = 0;
			knownRegions = (
				en,
				Base,
			);
			mainGroup = 804797E32398FE0C009DD4C4;
			productRefGroup = 804797ED2398FE0C009DD4C4 /* Products */;
			projectDirPath = "";
			projectRoot = "";
			targets = (
				804797EB2398FE0C009DD4C4 /* simple */,
				804798012398FE0E009DD4C4 /* simpleTests */,
				8047980C2398FE0E009DD4C4 /* simpleUITests */,
			);
		};
/* End PBXProject section */

/* Begin PBXResourcesBuildPhase section */
		804797EA2398FE0C009DD4C4 /* Resources */ = {
			isa = PBXResourcesBuildPhase;
			buildActionMask = 2147483647;
			files = (
				804797FC2398FE0E009DD4C4 /* LaunchScreen.storyboard in Resources */,
				804797F92398FE0E009DD4C4 /* Assets.xcassets in Resources */,
				804797F72398FE0C009DD4C4 /* Main.storyboard in Resources */,
			);
			runOnlyForDeploymentPostprocessing = 0;
		};
		804798002398FE0E009DD4C4 /* Resources */ = {
			isa = PBXResourcesBuildPhase;
			buildActionMask = 2147483647;
			files = (
			);
			runOnlyForDeploymentPostprocessing = 0;
		};
		8047980B2398FE0E009DD4C4 /* Resources */ = {
			isa = PBXResourcesBuildPhase;
			buildActionMask = 2147483647;
			files = (
			);
			runOnlyForDeploymentPostprocessing = 0;
		};
/* End PBXResourcesBuildPhase section */

/* Begin PBXSourcesBuildPhase section */
		804797E82398FE0C009DD4C4 /* Sources */ = {
			isa = PBXSourcesBuildPhase;
			buildActionMask = 2147483647;
			files = (
				80479820239F8B4F009DD4C4 /* RatingControl.swift in Sources */,
				804797F42398FE0C009DD4C4 /* ViewController.swift in Sources */,
				804797F02398FE0C009DD4C4 /* AppDelegate.swift in Sources */,
				804797F22398FE0C009DD4C4 /* SceneDelegate.swift in Sources */,
			);
			runOnlyForDeploymentPostprocessing = 0;
		};
		804797FE2398FE0E009DD4C4 /* Sources */ = {
			isa = PBXSourcesBuildPhase;
			buildActionMask = 2147483647;
			files = (
				804798072398FE0E009DD4C4 /* simpleTests.swift in Sources */,
			);
			runOnlyForDeploymentPostprocessing = 0;
		};
		804798092398FE0E009DD4C4 /* Sources */ = {
			isa = PBXSourcesBuildPhase;
			buildActionMask = 2147483647;
			files = (
				804798122398FE0E009DD4C4 /* simpleUITests.swift in Sources */,
			);
			runOnlyForDeploymentPostprocessing = 0;
		};
/* End PBXSourcesBuildPhase section */

/* Begin PBXTargetDependency section */
		804798042398FE0E009DD4C4 /* PBXTargetDependency */ = {
			isa = PBXTargetDependency;
			target = 804797EB2398FE0C009DD4C4 /* simple */;
			targetProxy = 804798032398FE0E009DD4C4 /* PBXContainerItemProxy */;
		};
		8047980F2398FE0E009DD4C4 /* PBXTargetDependency */ = {
			isa = PBXTargetDependency;
			target = 804797EB2398FE0C009DD4C4 /* simple */;
			targetProxy = 8047980E2398FE0E009DD4C4 /* PBXContainerItemProxy */;
		};
/* End PBXTargetDependency section */

/* Begin PBXVariantGroup section */
		804797F52398FE0C009DD4C4 /* Main.storyboard */ = {
			isa = PBXVariantGroup;
			children = (
				804797F62398FE0C009DD4C4 /* Base */,
			);
			name = Main.storyboard;
			sourceTree = "<group>";
		};
		804797FA2398FE0E009DD4C4 /* LaunchScreen.storyboard */ = {
			isa = PBXVariantGroup;
			children = (
				804797FB2398FE0E009DD4C4 /* Base */,
			);
			name = LaunchScreen.storyboard;
			sourceTree = "<group>";
		};
/* End PBXVariantGroup section */

/* Begin XCBuildConfiguration section */
		804798142398FE0E009DD4C4 /* Debug */ = {
			isa = XCBuildConfiguration;
			buildSettings = {
				ALWAYS_SEARCH_USER_PATHS = NO;
				CLANG_ANALYZER_NONNULL = YES;
				CLANG_ANALYZER_NUMBER_OBJECT_CONVERSION = YES_AGGRESSIVE;
				CLANG_CXX_LANGUAGE_STANDARD = "gnu++14";
				CLANG_CXX_LIBRARY = "libc++";
				CLANG_ENABLE_MODULES = YES;
				CLANG_ENABLE_OBJC_ARC = YES;
				CLANG_ENABLE_OBJC_WEAK = YES;
				CLANG_WARN_BLOCK_CAPTURE_AUTORELEASING = YES;
				CLANG_WARN_BOOL_CONVERSION = YES;
				CLANG_WARN_COMMA = YES;
				CLANG_WARN_CONSTANT_CONVERSION = YES;
				CLANG_WARN_DEPRECATED_OBJC_IMPLEMENTATIONS = YES;
				CLANG_WARN_DIRECT_OBJC_ISA_USAGE = YES_ERROR;
				CLANG_WARN_DOCUMENTATION_COMMENTS = YES;
				CLANG_WARN_EMPTY_BODY = YES;
				CLANG_WARN_ENUM_CONVERSION = YES;
				CLANG_WARN_INFINITE_RECURSION = YES;
				CLANG_WARN_INT_CONVERSION = YES;
				CLANG_WARN_NON_LITERAL_NULL_CONVERSION = YES;
				CLANG_WARN_OBJC_IMPLICIT_RETAIN_SELF = YES;
				CLANG_WARN_OBJC_LITERAL_CONVERSION = YES;
				CLANG_WARN_OBJC_ROOT_CLASS = YES_ERROR;
				CLANG_WARN_RANGE_LOOP_ANALYSIS = YES;
				CLANG_WARN_STRICT_PROTOTYPES = YES;
				CLANG_WARN_SUSPICIOUS_MOVE = YES;
				CLANG_WARN_UNGUARDED_AVAILABILITY = YES_AGGRESSIVE;
				CLANG_WARN_UNREACHABLE_CODE = YES;
				CLANG_WARN__DUPLICATE_METHOD_MATCH = YES;
				COPY_PHASE_STRIP = NO;
				DEBUG_INFORMATION_FORMAT = dwarf;
				ENABLE_STRICT_OBJC_MSGSEND = YES;
				ENABLE_TESTABILITY = YES;
				GCC_C_LANGUAGE_STANDARD = gnu11;
				GCC_DYNAMIC_NO_PIC = NO;
				GCC_NO_COMMON_BLOCKS = YES;
				GCC_OPTIMIZATION_LEVEL = 0;
				GCC_PREPROCESSOR_DEFINITIONS = (
					"DEBUG=1",
					"$(inherited)",
				);
				GCC_WARN_64_TO_32_BIT_CONVERSION = YES;
				GCC_WARN_ABOUT_RETURN_TYPE = YES_ERROR;
				GCC_WARN_UNDECLARED_SELECTOR = YES;
				GCC_WARN_UNINITIALIZED_AUTOS = YES_AGGRESSIVE;
				GCC_WARN_UNUSED_FUNCTION = YES;
				GCC_WARN_UNUSED_VARIABLE = YES;
				IPHONEOS_DEPLOYMENT_TARGET = 13.1;
				MTL_ENABLE_DEBUG_INFO = INCLUDE_SOURCE;
				MTL_FAST_MATH = YES;
				ONLY_ACTIVE_ARCH = YES;
				SDKROOT = iphoneos;
				SWIFT_ACTIVE_COMPILATION_CONDITIONS = DEBUG;
				SWIFT_OPTIMIZATION_LEVEL = "-Onone";
			};
			name = Debug;
		};
		804798152398FE0E009DD4C4 /* Release */ = {
			isa = XCBuildConfiguration;
			buildSettings = {
				ALWAYS_SEARCH_USER_PATHS = NO;
				CLANG_ANALYZER_NONNULL = YES;
				CLANG_ANALYZER_NUMBER_OBJECT_CONVERSION = YES_AGGRESSIVE;
				CLANG_CXX_LANGUAGE_STANDARD = "gnu++14";
				CLANG_CXX_LIBRARY = "libc++";
				CLANG_ENABLE_MODULES = YES;
				CLANG_ENABLE_OBJC_ARC = YES;
				CLANG_ENABLE_OBJC_WEAK = YES;
				CLANG_WARN_BLOCK_CAPTURE_AUTORELEASING = YES;
				CLANG_WARN_BOOL_CONVERSION = YES;
				CLANG_WARN_COMMA = YES;
				CLANG_WARN_CONSTANT_CONVERSION = YES;
				CLANG_WARN_DEPRECATED_OBJC_IMPLEMENTATIONS = YES;
				CLANG_WARN_DIRECT_OBJC_ISA_USAGE = YES_ERROR;
				CLANG_WARN_DOCUMENTATION_COMMENTS = YES;
				CLANG_WARN_EMPTY_BODY = YES;
				CLANG_WARN_ENUM_CONVERSION = YES;
				CLANG_WARN_INFINITE_RECURSION = YES;
				CLANG_WARN_INT_CONVERSION = YES;
				CLANG_WARN_NON_LITERAL_NULL_CONVERSION = YES;
				CLANG_WARN_OBJC_IMPLICIT_RETAIN_SELF = YES;
				CLANG_WARN_OBJC_LITERAL_CONVERSION = YES;
				CLANG_WARN_OBJC_ROOT_CLASS = YES_ERROR;
				CLANG_WARN_RANGE_LOOP_ANALYSIS = YES;
				CLANG_WARN_STRICT_PROTOTYPES = YES;
				CLANG_WARN_SUSPICIOUS_MOVE = YES;
				CLANG_WARN_UNGUARDED_AVAILABILITY = YES_AGGRESSIVE;
				CLANG_WARN_UNREACHABLE_CODE = YES;
				CLANG_WARN__DUPLICATE_METHOD_MATCH = YES;
				COPY_PHASE_STRIP = NO;
				DEBUG_INFORMATION_FORMAT = "dwarf-with-dsym";
				ENABLE_NS_ASSERTIONS = NO;
				ENABLE_STRICT_OBJC_MSGSEND = YES;
				GCC_C_LANGUAGE_STANDARD = gnu11;
				GCC_NO_COMMON_BLOCKS = YES;
				GCC_WARN_64_TO_32_BIT_CONVERSION = YES;
				GCC_WARN_ABOUT_RETURN_TYPE = YES_ERROR;
				GCC_WARN_UNDECLARED_SELECTOR = YES;
				GCC_WARN_UNINITIALIZED_AUTOS = YES_AGGRESSIVE;
				GCC_WARN_UNUSED_FUNCTION = YES;
				GCC_WARN_UNUSED_VARIABLE = YES;
				IPHONEOS_DEPLOYMENT_TARGET = 13.1;
				MTL_ENABLE_DEBUG_INFO = NO;
				MTL_FAST_MATH = YES;
				SDKROOT = iphoneos;
				SWIFT_COMPILATION_MODE = wholemodule;
				SWIFT_OPTIMIZATION_LEVEL = "-O";
				VALIDATE_PRODUCT = YES;
			};
			name = Release;
		};
		804798172398FE0E009DD4C4 /* Debug */ = {
			isa = XCBuildConfiguration;
			buildSettings = {
				ASSETCATALOG_COMPILER_APPICON_NAME = AppIcon;
				CODE_SIGN_STYLE = Automatic;
				INFOPLIST_FILE = simple/Info.plist;
				LD_RUNPATH_SEARCH_PATHS = (
					"$(inherited)",
					"@executable_path/Frameworks",
				);
				PRODUCT_BUNDLE_IDENTIFIER = com.kakkki.simple;
				PRODUCT_NAME = "$(TARGET_NAME)";
				SWIFT_VERSION = 5.0;
				TARGETED_DEVICE_FAMILY = "1,2";
			};
			name = Debug;
		};
		804798182398FE0E009DD4C4 /* Release */ = {
			isa = XCBuildConfiguration;
			buildSettings = {
				ASSETCATALOG_COMPILER_APPICON_NAME = AppIcon;
				CODE_SIGN_STYLE = Automatic;
				INFOPLIST_FILE = simple/Info.plist;
				LD_RUNPATH_SEARCH_PATHS = (
					"$(inherited)",
					"@executable_path/Frameworks",
				);
				PRODUCT_BUNDLE_IDENTIFIER = com.kakkki.simple;
				PRODUCT_NAME = "$(TARGET_NAME)";
				SWIFT_VERSION = 5.0;
				TARGETED_DEVICE_FAMILY = "1,2";
			};
			name = Release;
		};
		8047981A2398FE0E009DD4C4 /* Debug */ = {
			isa = XCBuildConfiguration;
			buildSettings = {
				ALWAYS_EMBED_SWIFT_STANDARD_LIBRARIES = YES;
				BUNDLE_LOADER = "$(TEST_HOST)";
				CODE_SIGN_STYLE = Automatic;
				INFOPLIST_FILE = simpleTests/Info.plist;
				IPHONEOS_DEPLOYMENT_TARGET = 13.1;
				LD_RUNPATH_SEARCH_PATHS = (
					"$(inherited)",
					"@executable_path/Frameworks",
					"@loader_path/Frameworks",
				);
				PRODUCT_BUNDLE_IDENTIFIER = com.kakkki.simpleTests;
				PRODUCT_NAME = "$(TARGET_NAME)";
				SWIFT_VERSION = 5.0;
				TARGETED_DEVICE_FAMILY = "1,2";
				TEST_HOST = "$(BUILT_PRODUCTS_DIR)/simple.app/simple";
			};
			name = Debug;
		};
		8047981B2398FE0E009DD4C4 /* Release */ = {
			isa = XCBuildConfiguration;
			buildSettings = {
				ALWAYS_EMBED_SWIFT_STANDARD_LIBRARIES = YES;
				BUNDLE_LOADER = "$(TEST_HOST)";
				CODE_SIGN_STYLE = Automatic;
				INFOPLIST_FILE = simpleTests/Info.plist;
				IPHONEOS_DEPLOYMENT_TARGET = 13.1;
				LD_RUNPATH_SEARCH_PATHS = (
					"$(inherited)",
					"@executable_path/Frameworks",
					"@loader_path/Frameworks",
				);
				PRODUCT_BUNDLE_IDENTIFIER = com.kakkki.simpleTests;
				PRODUCT_NAME = "$(TARGET_NAME)";
				SWIFT_VERSION = 5.0;
				TARGETED_DEVICE_FAMILY = "1,2";
				TEST_HOST = "$(BUILT_PRODUCTS_DIR)/simple.app/simple";
			};
			name = Release;
		};
		8047981D2398FE0E009DD4C4 /* Debug */ = {
			isa = XCBuildConfiguration;
			buildSettings = {
				ALWAYS_EMBED_SWIFT_STANDARD_LIBRARIES = YES;
				CODE_SIGN_STYLE = Automatic;
				INFOPLIST_FILE = simpleUITests/Info.plist;
				LD_RUNPATH_SEARCH_PATHS = (
					"$(inherited)",
					"@executable_path/Frameworks",
					"@loader_path/Frameworks",
				);
				PRODUCT_BUNDLE_IDENTIFIER = com.kakkki.simpleUITests;
				PRODUCT_NAME = "$(TARGET_NAME)";
				SWIFT_VERSION = 5.0;
				TARGETED_DEVICE_FAMILY = "1,2";
				TEST_TARGET_NAME = simple;
			};
			name = Debug;
		};
		8047981E2398FE0E009DD4C4 /* Release */ = {
			isa = XCBuildConfiguration;
			buildSettings = {
				ALWAYS_EMBED_SWIFT_STANDARD_LIBRARIES = YES;
				CODE_SIGN_STYLE = Automatic;
				INFOPLIST_FILE = simpleUITests/Info.plist;
				LD_RUNPATH_SEARCH_PATHS = (
					"$(inherited)",
					"@executable_path/Frameworks",
					"@loader_path/Frameworks",
				);
				PRODUCT_BUNDLE_IDENTIFIER = com.kakkki.simpleUITests;
				PRODUCT_NAME = "$(TARGET_NAME)";
				SWIFT_VERSION = 5.0;
				TARGETED_DEVICE_FAMILY = "1,2";
				TEST_TARGET_NAME = simple;
			};
			name = Release;
		};
/* End XCBuildConfiguration section */

/* Begin XCConfigurationList section */
		804797E72398FE0C009DD4C4 /* Build configuration list for PBXProject "simple" */ = {
			isa = XCConfigurationList;
			buildConfigurations = (
				804798142398FE0E009DD4C4 /* Debug */,
				804798152398FE0E009DD4C4 /* Release */,
			);
			defaultConfigurationIsVisible = 0;
			defaultConfigurationName = Release;
		};
		804798162398FE0E009DD4C4 /* Build configuration list for PBXNativeTarget "simple" */ = {
			isa = XCConfigurationList;
			buildConfigurations = (
				804798172398FE0E009DD4C4 /* Debug */,
				804798182398FE0E009DD4C4 /* Release */,
			);
			defaultConfigurationIsVisible = 0;
			defaultConfigurationName = Release;
		};
		804798192398FE0E009DD4C4 /* Build configuration list for PBXNativeTarget "simpleTests" */ = {
			isa = XCConfigurationList;
			buildConfigurations = (
				8047981A2398FE0E009DD4C4 /* Debug */,
				8047981B2398FE0E009DD4C4 /* Release */,
			);
			defaultConfigurationIsVisible = 0;
			defaultConfigurationName = Release;
		};
		8047981C2398FE0E009DD4C4 /* Build configuration list for PBXNativeTarget "simpleUITests" */ = {
			isa = XCConfigurationList;
			buildConfigurations = (
				8047981D2398FE0E009DD4C4 /* Debug */,
				8047981E2398FE0E009DD4C4 /* Release */,
			);
			defaultConfigurationIsVisible = 0;
			defaultConfigurationName = Release;
		};
/* End XCConfigurationList section */
	};
	rootObject = 804797E42398FE0C009DD4C4 /* Project object */;
}
